
Microsoft Visual Studio Solution File, Format Version 12.00
# Visual Studio 15
VisualStudioVersion = 15.0.27130.2010
MinimumVisualStudioVersion = 10.0.40219.1
Project("{FAE04EC0-301F-11D3-BF4B-00C04F79EFBC}") = "MegaDeskWebApp", "MegaDeskWebApp\MegaDeskWebApp.csproj", "{91B57591-1B90-4D37-BF5B-10A32A7F69FA}"
EndProject
Global
	GlobalSection(SolutionConfigurationPlatforms) = preSolution
		Debug|Any CPU = Debug|Any CPU
		Release|Any CPU = Release|Any CPU
	EndGlobalSection
	GlobalSection(ProjectConfigurationPlatforms) = postSolution
		{91B57591-1B90-4D37-BF5B-10A32A7F69FA}.Debug|Any CPU.ActiveCfg = Debug|Any CPU
		{91B57591-1B90-4D37-BF5B-10A32A7F69FA}.Debug|Any CPU.Build.0 = Debug|Any CPU
		{91B57591-1B90-4D37-BF5B-10A32A7F69FA}.Release|Any CPU.ActiveCfg = Release|Any CPU
		{91B57591-1B90-4D37-BF5B-10A32A7F69FA}.Release|Any CPU.Build.0 = Release|Any CPU
	EndGlobalSection
	GlobalSection(SolutionProperties) = preSolution
		HideSolutionNode = FALSE
	EndGlobalSection
	GlobalSection(ExtensibilityGlobals) = postSolution
		SolutionGuid = {90270F63-FF16-4955-B7F1-275E18E8F45F}
	EndGlobalSection
EndGlobal
